
Microsoft Visual Studio Solution File, Format Version 12.00
# Visual Studio Version 17
VisualStudioVersion = 17.2.32616.157
MinimumVisualStudioVersion = 10.0.40219.1
Project("{FAE04EC0-301F-11D3-BF4B-00C04F79EFBC}") = "deliverable1_helloworld", "deliverable1_helloworld.csproj", "{A03BAEE9-28C2-4419-8AC6-B4CD63226400}"
EndProject
Global
	GlobalSection(SolutionConfigurationPlatforms) = preSolution
		Debug|Any CPU = Debug|Any CPU
		Release|Any CPU = Release|Any CPU
	EndGlobalSection
	GlobalSection(ProjectConfigurationPlatforms) = postSolution
		{A03BAEE9-28C2-4419-8AC6-B4CD63226400}.Debug|Any CPU.ActiveCfg = Debug|Any CPU
		{A03BAEE9-28C2-4419-8AC6-B4CD63226400}.Debug|Any CPU.Build.0 = Debug|Any CPU
		{A03BAEE9-28C2-4419-8AC6-B4CD63226400}.Release|Any CPU.ActiveCfg = Release|Any CPU
		{A03BAEE9-28C2-4419-8AC6-B4CD63226400}.Release|Any CPU.Build.0 = Release|Any CPU
	EndGlobalSection
	GlobalSection(SolutionProperties) = preSolution
		HideSolutionNode = FALSE
	EndGlobalSection
	GlobalSection(ExtensibilityGlobals) = postSolution
		SolutionGuid = {CBED1CF1-3F29-4C20-ADEE-9ABD5272D195}
	EndGlobalSection
EndGlobal
